
Microsoft Visual Studio Solution File, Format Version 12.00
# Visual Studio Version 17
VisualStudioVersion = 17.14.36310.24 d17.14
MinimumVisualStudioVersion = 10.0.40219.1
Project("{FAE04EC0-301F-11D3-BF4B-00C04F79EFBC}") = "TaskManger", "TaskManger.csproj", "{000E7809-8D8B-4F41-91C8-65A132ADBF7D}"
EndProject
Global
	GlobalSection(SolutionConfigurationPlatforms) = preSolution
		Debug|Any CPU = Debug|Any CPU
		Release|Any CPU = Release|Any CPU
	EndGlobalSection
	GlobalSection(ProjectConfigurationPlatforms) = postSolution
		{000E7809-8D8B-4F41-91C8-65A132ADBF7D}.Debug|Any CPU.ActiveCfg = Debug|Any CPU
		{000E7809-8D8B-4F41-91C8-65A132ADBF7D}.Debug|Any CPU.Build.0 = Debug|Any CPU
		{000E7809-8D8B-4F41-91C8-65A132ADBF7D}.Release|Any CPU.ActiveCfg = Release|Any CPU
		{000E7809-8D8B-4F41-91C8-65A132ADBF7D}.Release|Any CPU.Build.0 = Release|Any CPU
	EndGlobalSection
	GlobalSection(SolutionProperties) = preSolution
		HideSolutionNode = FALSE
	EndGlobalSection
	GlobalSection(ExtensibilityGlobals) = postSolution
		SolutionGuid = {DD626AC9-C4F4-4D1F-9478-95C7547E8D74}
	EndGlobalSection
EndGlobal
